# @generated - this file is auto-generated by `mise lock` https://mise.jdx.dev/dev-tools/mise-lock.html

[[tools.emmylua_check]]
version = "0.25.0"
backend = "github:EmmyLuaLs/emmylua-analyzer-rust"

[tools.emmylua_check.options]
matching = "emmylua_check"

[tools.emmylua_check."platforms.linux-arm64"]
checksum = "sha256:690f78200e3af21e0a6136f0cea1b1a0af4601c63e28c6e96d0b70d6af5c0609"
url = "https://github.com/EmmyLuaLs/emmylua-analyzer-rust/releases/download/0.25.0/emmylua_check-linux-aarch64-glibc.2.17.tar.gz"
url_api = "https://api.github.com/repos/EmmyLuaLs/emmylua-analyzer-rust/releases/assets/505156276"

[tools.emmylua_check."platforms.linux-arm64-musl"]
checksum = "sha256:690f78200e3af21e0a6136f0cea1b1a0af4601c63e28c6e96d0b70d6af5c0609"
url = "https://github.com/EmmyLuaLs/emmylua-analyzer-rust/releases/download/0.25.0/emmylua_check-linux-aarch64-glibc.2.17.tar.gz"
url_api = "https://api.github.com/repos/EmmyLuaLs/emmylua-analyzer-rust/releases/assets/505156276"

[tools.emmylua_check."platforms.linux-x64"]
checksum = "sha256:0f615e88d6b8fc09a6768a49802589864afee4de01629b9bbd62bab9d7b3c014"
url = "https://github.com/EmmyLuaLs/emmylua-analyzer-rust/releases/download/0.25.0/emmylua_check-linux-x64-glibc.2.17.tar.gz"
url_api = "https://api.github.com/repos/EmmyLuaLs/emmylua-analyzer-rust/releases/assets/505156281"

[tools.emmylua_check."platforms.linux-x64-musl"]
checksum = "sha256:f2be3c4f75980b767d7a086b7e007f66c7e6d203762e8e84af48ba2099a9e4b7"
url = "https://github.com/EmmyLuaLs/emmylua-analyzer-rust/releases/download/0.25.0/emmylua_check-linux-x64.tar.gz"
url_api = "https://api.github.com/repos/EmmyLuaLs/emmylua-analyzer-rust/releases/assets/505156277"

[tools.emmylua_check."platforms.macos-arm64"]
checksum = "sha256:c66a85ee607840ed809b995ec355de4d082b1a9ed0a7a4399f825c2acda9d7c3"
url = "https://github.com/EmmyLuaLs/emmylua-analyzer-rust/releases/download/0.25.0/emmylua_check-darwin-arm64.tar.gz"
url_api = "https://api.github.com/repos/EmmyLuaLs/emmylua-analyzer-rust/releases/assets/505156283"

[tools.emmylua_check."platforms.macos-x64"]
checksum = "sha256:166e72c279aa7d6feff6bdf2d293e0bc38fedd587c884e2b6bd77d617e6d21a8"
url = "https://github.com/EmmyLuaLs/emmylua-analyzer-rust/releases/download/0.25.0/emmylua_check-darwin-x64.tar.gz"
url_api = "https://api.github.com/repos/EmmyLuaLs/emmylua-analyzer-rust/releases/assets/505156280"

[tools.emmylua_check."platforms.windows-x64"]
checksum = "sha256:298e1401f342bf5261e9e90e171d07563712e930d3ab8a41c3592d0ca41da9b2"
url = "https://github.com/EmmyLuaLs/emmylua-analyzer-rust/releases/download/0.25.0/emmylua_check-win32-x64.zip"
url_api = "https://api.github.com/repos/EmmyLuaLs/emmylua-analyzer-rust/releases/assets/505156252"

[[tools.emmylua_ls]]
version = "0.25.0"
backend = "github:EmmyLuaLs/emmylua-analyzer-rust"

[tools.emmylua_ls.options]
matching = "emmylua_ls"

[tools.emmylua_ls."platforms.linux-arm64"]
checksum = "sha256:36093e00e34a081fb8846502929655271e86449a61bf64a610d74d2589a0cbae"
url = "https://github.com/EmmyLuaLs/emmylua-analyzer-rust/releases/download/0.25.0/emmylua_ls-linux-aarch64-glibc.2.17.tar.gz"
url_api = "https://api.github.com/repos/EmmyLuaLs/emmylua-analyzer-rust/releases/assets/505156268"

[tools.emmylua_ls."platforms.linux-arm64-musl"]
checksum = "sha256:36093e00e34a081fb8846502929655271e86449a61bf64a610d74d2589a0cbae"
url = "https://github.com/EmmyLuaLs/emmylua-analyzer-rust/releases/download/0.25.0/emmylua_ls-linux-aarch64-glibc.2.17.tar.gz"
url_api = "https://api.github.com/repos/EmmyLuaLs/emmylua-analyzer-rust/releases/assets/505156268"

[tools.emmylua_ls."platforms.linux-x64"]
checksum = "sha256:926515d000aff577d828ec9409c3ab68c706e513685afc5da198821783251a9d"
url = "https://github.com/EmmyLuaLs/emmylua-analyzer-rust/releases/download/0.25.0/emmylua_ls-linux-x64-glibc.2.17.tar.gz"
url_api = "https://api.github.com/repos/EmmyLuaLs/emmylua-analyzer-rust/releases/assets/505156262"

[tools.emmylua_ls."platforms.linux-x64-musl"]
checksum = "sha256:36b55960499092944cb063f8b5dcb2435e69e9e874edb8cddc841cf19c9d6fc3"
url = "https://github.com/EmmyLuaLs/emmylua-analyzer-rust/releases/download/0.25.0/emmylua_ls-linux-x64.tar.gz"
url_api = "https://api.github.com/repos/EmmyLuaLs/emmylua-analyzer-rust/releases/assets/505156263"

[tools.emmylua_ls."platforms.macos-arm64"]
checksum = "sha256:c51499aa4f8d3dd56454bae55141e8d6e4592271f0050347f327b0d62b03f864"
url = "https://github.com/EmmyLuaLs/emmylua-analyzer-rust/releases/download/0.25.0/emmylua_ls-darwin-arm64.tar.gz"
url_api = "https://api.github.com/repos/EmmyLuaLs/emmylua-analyzer-rust/releases/assets/505156260"

[tools.emmylua_ls."platforms.macos-x64"]
checksum = "sha256:317ca0a49f610eef7014906fdf225653f04f1e500c44820d82d97cbbc36651a8"
url = "https://github.com/EmmyLuaLs/emmylua-analyzer-rust/releases/download/0.25.0/emmylua_ls-darwin-x64.tar.gz"
url_api = "https://api.github.com/repos/EmmyLuaLs/emmylua-analyzer-rust/releases/assets/505156266"

[tools.emmylua_ls."platforms.windows-x64"]
checksum = "sha256:947023855a6cd4b7d81c6a6df489cb9a96359bbb5e9c89f48e982d03d2970ae9"
url = "https://github.com/EmmyLuaLs/emmylua-analyzer-rust/releases/download/0.25.0/emmylua_ls-win32-x64.zip"
url_api = "https://api.github.com/repos/EmmyLuaLs/emmylua-analyzer-rust/releases/assets/505156247"

[[tools.luafmt]]
version = "0.24.0"
backend = "github:EmmyLuaLs/emmylua-analyzer-rust"

[tools.luafmt.options]
matching = "luafmt"

[tools.luafmt."platforms.linux-arm64"]
checksum = "sha256:fd6e95fa2e403a514ee8f556a17a6b39bf1b82e083a4fe98370477852e26b383"
url = "https://github.com/EmmyLuaLs/emmylua-analyzer-rust/releases/download/0.24.0/luafmt-linux-aarch64-glibc.2.17.tar.gz"
url_api = "https://api.github.com/repos/EmmyLuaLs/emmylua-analyzer-rust/releases/assets/472470131"

[tools.luafmt."platforms.linux-arm64-musl"]
checksum = "sha256:fd6e95fa2e403a514ee8f556a17a6b39bf1b82e083a4fe98370477852e26b383"
url = "https://github.com/EmmyLuaLs/emmylua-analyzer-rust/releases/download/0.24.0/luafmt-linux-aarch64-glibc.2.17.tar.gz"
url_api = "https://api.github.com/repos/EmmyLuaLs/emmylua-analyzer-rust/releases/assets/472470131"

[tools.luafmt."platforms.linux-x64"]
checksum = "sha256:c6a0028a79213d153968c1babd90be3957ce9b997076d117e1b35e90f99692a8"
url = "https://github.com/EmmyLuaLs/emmylua-analyzer-rust/releases/download/0.24.0/luafmt-linux-x64-glibc.2.17.tar.gz"
url_api = "https://api.github.com/repos/EmmyLuaLs/emmylua-analyzer-rust/releases/assets/472470136"

[tools.luafmt."platforms.macos-arm64"]
checksum = "sha256:1a1708b91ba8cef8a152c85d1f1deda416092a05a80166469967d75fc2348bbb"
url = "https://github.com/EmmyLuaLs/emmylua-analyzer-rust/releases/download/0.24.0/luafmt-darwin-arm64.tar.gz"
url_api = "https://api.github.com/repos/EmmyLuaLs/emmylua-analyzer-rust/releases/assets/472470124"

[[tools."pipx:shuck-cli"]]
version = "0.1.1"
backend = "pipx:shuck-cli"

[[tools.stylua]]
version = "2.5.2"
backend = "aqua:JohnnyMorganz/StyLua"

[tools.stylua."platforms.linux-arm64"]
checksum = "sha256:0ef2ebf0b7e5a652b65c4cb96c6d9ffb3981a98547de3c764465bbf54a8d761a"
url = "https://github.com/JohnnyMorganz/StyLua/releases/download/v2.5.2/stylua-linux-aarch64.zip"
url_api = "https://api.github.com/repos/JohnnyMorganz/StyLua/releases/assets/421900973"

[tools.stylua."platforms.linux-arm64-musl"]
checksum = "sha256:b948df6b4bae41af9a70948174372f96a3c14d44e3e017288701539f3db8fb75"
url = "https://github.com/JohnnyMorganz/StyLua/releases/download/v2.5.2/stylua-linux-aarch64-musl.zip"
url_api = "https://api.github.com/repos/JohnnyMorganz/StyLua/releases/assets/421900982"

[tools.stylua."platforms.linux-x64"]
checksum = "sha256:ca6f1cf52eaf69e6632b81acef9c197aa24b85eb30d2455a35e7dbe28ae77c72"
url = "https://github.com/JohnnyMorganz/StyLua/releases/download/v2.5.2/stylua-linux-x86_64-musl.zip"
url_api = "https://api.github.com/repos/JohnnyMorganz/StyLua/releases/assets/421901066"

[tools.stylua."platforms.linux-x64-musl"]
checksum = "sha256:ca6f1cf52eaf69e6632b81acef9c197aa24b85eb30d2455a35e7dbe28ae77c72"
url = "https://github.com/JohnnyMorganz/StyLua/releases/download/v2.5.2/stylua-linux-x86_64-musl.zip"
url_api = "https://api.github.com/repos/JohnnyMorganz/StyLua/releases/assets/421901066"

[tools.stylua."platforms.macos-arm64"]
checksum = "sha256:92ff0889e16324801bc072692974bb67f8161e62010fc90f96c62a17f81f32c7"
url = "https://github.com/JohnnyMorganz/StyLua/releases/download/v2.5.2/stylua-macos-aarch64.zip"
url_api = "https://api.github.com/repos/JohnnyMorganz/StyLua/releases/assets/421901102"

[tools.stylua."platforms.macos-x64"]
checksum = "sha256:53c50a1605d0a6345d160a1a5a21db40bcf2bf9cd23c17f7c277a63a1bff3a7f"
url = "https://github.com/JohnnyMorganz/StyLua/releases/download/v2.5.2/stylua-macos-x86_64.zip"
url_api = "https://api.github.com/repos/JohnnyMorganz/StyLua/releases/assets/421901085"

[tools.stylua."platforms.windows-x64"]
checksum = "sha256:e77d0ea1226b8b389b43f702240091249a96eea25857281f90ea24d0eb9eb969"
url = "https://github.com/JohnnyMorganz/StyLua/releases/download/v2.5.2/stylua-windows-x86_64.zip"
url_api = "https://api.github.com/repos/JohnnyMorganz/StyLua/releases/assets/421902292"
