# @generated - this file is auto-generated by `mise lock` https://mise.jdx.dev/dev-tools/mise-lock.html

[[tools.ast-grep]]
version = "0.45.1"
backend = "aqua:ast-grep/ast-grep"

[tools.ast-grep."platforms.linux-arm64"]
checksum = "sha256:9ee7ec49aada3dc05135d21977af089a33fc3154ada25bab102daca90b5098f2"
url = "https://github.com/ast-grep/ast-grep/releases/download/0.45.1/app-aarch64-unknown-linux-gnu.zip"
url_api = "https://api.github.com/repos/ast-grep/ast-grep/releases/assets/505306241"

[tools.ast-grep."platforms.linux-x64"]
checksum = "sha256:76fb6555be6734fb5057dba8d2fb756430f374bb9e1af694cf1ce00e13238d63"
url = "https://github.com/ast-grep/ast-grep/releases/download/0.45.1/app-x86_64-unknown-linux-gnu.zip"
url_api = "https://api.github.com/repos/ast-grep/ast-grep/releases/assets/505305291"

[tools.ast-grep."platforms.macos-arm64"]
checksum = "sha256:6c761afbdc072a7a9006d0dc5c49b3247fef195b8bebe675b4aa385ff872d9c3"
url = "https://github.com/ast-grep/ast-grep/releases/download/0.45.1/app-aarch64-apple-darwin.zip"
url_api = "https://api.github.com/repos/ast-grep/ast-grep/releases/assets/505305714"

[tools.ast-grep."platforms.macos-x64"]
checksum = "sha256:38ec2d1c7c97f1efc1c1080526e3c54b964e263478e347f44a65b5287ef5a6ad"
url = "https://github.com/ast-grep/ast-grep/releases/download/0.45.1/app-x86_64-apple-darwin.zip"
url_api = "https://api.github.com/repos/ast-grep/ast-grep/releases/assets/505306213"

[tools.ast-grep."platforms.windows-x64"]
checksum = "sha256:b816b375df6a30f8e5d91d706dccae6127346e68970788cf8c2decee54bcaa31"
url = "https://github.com/ast-grep/ast-grep/releases/download/0.45.1/app-x86_64-pc-windows-msvc.zip"
url_api = "https://api.github.com/repos/ast-grep/ast-grep/releases/assets/505308188"

[[tools.delta]]
version = "0.19.2"
backend = "aqua:dandavison/delta"

[tools.delta."platforms.linux-arm64"]
checksum = "sha256:0bfce159a5cddd5feb3d6db4a616d883ff51253ce08ac7ec11cb1d208cfaab9e"
url = "https://github.com/dandavison/delta/releases/download/0.19.2/delta-0.19.2-aarch64-unknown-linux-gnu.tar.gz"
url_api = "https://api.github.com/repos/dandavison/delta/releases/assets/383662337"

[tools.delta."platforms.linux-x64"]
checksum = "sha256:f1ea01ca7728ce3462debc359f39dfc7cbbc1a63224b71fefabf92042864aa1b"
url = "https://github.com/dandavison/delta/releases/download/0.19.2/delta-0.19.2-x86_64-unknown-linux-musl.tar.gz"
url_api = "https://api.github.com/repos/dandavison/delta/releases/assets/383662298"

[tools.delta."platforms.linux-x64-musl"]
checksum = "sha256:f1ea01ca7728ce3462debc359f39dfc7cbbc1a63224b71fefabf92042864aa1b"
url = "https://github.com/dandavison/delta/releases/download/0.19.2/delta-0.19.2-x86_64-unknown-linux-musl.tar.gz"
url_api = "https://api.github.com/repos/dandavison/delta/releases/assets/383662298"

[tools.delta."platforms.macos-arm64"]
checksum = "sha256:9be36612a5a13e9e386dc498fb8e50dc87c72ee42b63db0ea05b32f99a72a69a"
url = "https://github.com/dandavison/delta/releases/download/0.19.2/delta-0.19.2-aarch64-apple-darwin.tar.gz"
url_api = "https://api.github.com/repos/dandavison/delta/releases/assets/383662310"

[tools.delta."platforms.windows-x64"]
checksum = "sha256:ac8ebb4a9f1cbee8b9ea897ba119808a244181adae6f3bed1f3b6b923c50b557"
url = "https://github.com/dandavison/delta/releases/download/0.19.2/delta-0.19.2-x86_64-pc-windows-msvc.zip"
url_api = "https://api.github.com/repos/dandavison/delta/releases/assets/383663165"

[[tools.eza]]
version = "0.23.5"
backend = "asdf:eza"

[[tools.fd]]
version = "10.4.2"
backend = "aqua:sharkdp/fd"

[tools.fd."platforms.linux-arm64"]
checksum = "sha256:f32d3657473fba74e2600babc8db0b93420d51169223b7e8143b2ed55d8fd9e8"
url = "https://github.com/sharkdp/fd/releases/download/v10.4.2/fd-v10.4.2-aarch64-unknown-linux-musl.tar.gz"
url_api = "https://api.github.com/repos/sharkdp/fd/releases/assets/370662859"

[tools.fd."platforms.linux-arm64-musl"]
checksum = "sha256:f32d3657473fba74e2600babc8db0b93420d51169223b7e8143b2ed55d8fd9e8"
url = "https://github.com/sharkdp/fd/releases/download/v10.4.2/fd-v10.4.2-aarch64-unknown-linux-musl.tar.gz"
url_api = "https://api.github.com/repos/sharkdp/fd/releases/assets/370662859"

[tools.fd."platforms.linux-x64"]
checksum = "sha256:e3257d48e29a6be965187dbd24ce9af564e0fe67b3e73c9bdcd180f4ec11bdde"
url = "https://github.com/sharkdp/fd/releases/download/v10.4.2/fd-v10.4.2-x86_64-unknown-linux-musl.tar.gz"
url_api = "https://api.github.com/repos/sharkdp/fd/releases/assets/370662855"

[tools.fd."platforms.linux-x64-musl"]
checksum = "sha256:e3257d48e29a6be965187dbd24ce9af564e0fe67b3e73c9bdcd180f4ec11bdde"
url = "https://github.com/sharkdp/fd/releases/download/v10.4.2/fd-v10.4.2-x86_64-unknown-linux-musl.tar.gz"
url_api = "https://api.github.com/repos/sharkdp/fd/releases/assets/370662855"

[tools.fd."platforms.macos-arm64"]
checksum = "sha256:623dc0afc81b92e4d4606b380d7bc91916ba7b97814263e554d50923a39e480a"
url = "https://github.com/sharkdp/fd/releases/download/v10.4.2/fd-v10.4.2-aarch64-apple-darwin.tar.gz"
url_api = "https://api.github.com/repos/sharkdp/fd/releases/assets/370661116"

[tools.fd."platforms.windows-x64"]
checksum = "sha256:b2816e506390a89941c63c9187d58a3cc10e9a55f2ef0685f9ea0eccaf7c98c8"
url = "https://github.com/sharkdp/fd/releases/download/v10.4.2/fd-v10.4.2-x86_64-pc-windows-msvc.zip"
url_api = "https://api.github.com/repos/sharkdp/fd/releases/assets/370661516"

[[tools.fzf]]
version = "0.74.2"
backend = "aqua:junegunn/fzf"

[tools.fzf."platforms.linux-arm64"]
checksum = "sha256:1373e3f5ed3c468179d4529942ddd96c234bcad1bcacaf238916e26a5234b5b2"
url = "https://github.com/junegunn/fzf/releases/download/v0.74.2/fzf-0.74.2-linux_arm64.tar.gz"
url_api = "https://api.github.com/repos/junegunn/fzf/releases/assets/497342620"

[tools.fzf."platforms.linux-arm64-musl"]
checksum = "sha256:1373e3f5ed3c468179d4529942ddd96c234bcad1bcacaf238916e26a5234b5b2"
url = "https://github.com/junegunn/fzf/releases/download/v0.74.2/fzf-0.74.2-linux_arm64.tar.gz"
url_api = "https://api.github.com/repos/junegunn/fzf/releases/assets/497342620"

[tools.fzf."platforms.linux-x64"]
checksum = "sha256:b3648f48675612b69ee35371cf6dc99ca96d767e89b912d079080916ac8ba8bd"
url = "https://github.com/junegunn/fzf/releases/download/v0.74.2/fzf-0.74.2-linux_amd64.tar.gz"
url_api = "https://api.github.com/repos/junegunn/fzf/releases/assets/497342478"

[tools.fzf."platforms.linux-x64-musl"]
checksum = "sha256:b3648f48675612b69ee35371cf6dc99ca96d767e89b912d079080916ac8ba8bd"
url = "https://github.com/junegunn/fzf/releases/download/v0.74.2/fzf-0.74.2-linux_amd64.tar.gz"
url_api = "https://api.github.com/repos/junegunn/fzf/releases/assets/497342478"

[tools.fzf."platforms.macos-arm64"]
checksum = "sha256:d60ddb36356566ac69bae7c3504e888916cf747c9ad2132141c09229b1e28dee"
url = "https://github.com/junegunn/fzf/releases/download/v0.74.2/fzf-0.74.2-darwin_arm64.tar.gz"
url_api = "https://api.github.com/repos/junegunn/fzf/releases/assets/497342630"

[tools.fzf."platforms.macos-x64"]
checksum = "sha256:b019ae8bcca33945a2ffbbbf8369705405cd1406fc4d74267e712797010e3676"
url = "https://github.com/junegunn/fzf/releases/download/v0.74.2/fzf-0.74.2-darwin_amd64.tar.gz"
url_api = "https://api.github.com/repos/junegunn/fzf/releases/assets/497342631"

[tools.fzf."platforms.windows-x64"]
checksum = "sha256:a5a3b27dd203469139d10669721952335b9b46f19346e3d1abc102a67ea60804"
url = "https://github.com/junegunn/fzf/releases/download/v0.74.2/fzf-0.74.2-windows_amd64.zip"
url_api = "https://api.github.com/repos/junegunn/fzf/releases/assets/497342617"

[[tools.gh]]
version = "2.97.0"
backend = "aqua:cli/cli"

[tools.gh."platforms.linux-arm64"]
checksum = "sha256:73ea440ecad9c9e284429997ee6f93577bc6f7bc6fba357ef62c53ad8fb641a5"
url = "https://github.com/cli/cli/releases/download/v2.97.0/gh_2.97.0_linux_arm64.tar.gz"
url_api = "https://api.github.com/repos/cli/cli/releases/assets/496108278"
provenance = "github-attestations"

[tools.gh."platforms.linux-arm64-musl"]
checksum = "sha256:73ea440ecad9c9e284429997ee6f93577bc6f7bc6fba357ef62c53ad8fb641a5"
url = "https://github.com/cli/cli/releases/download/v2.97.0/gh_2.97.0_linux_arm64.tar.gz"
url_api = "https://api.github.com/repos/cli/cli/releases/assets/496108278"
provenance = "github-attestations"

[tools.gh."platforms.linux-x64"]
checksum = "sha256:a2c9b8497e1f85b1ad0dfcb78b5a622e098801b8e461e459e88e1ee12f018112"
url = "https://github.com/cli/cli/releases/download/v2.97.0/gh_2.97.0_linux_amd64.tar.gz"
url_api = "https://api.github.com/repos/cli/cli/releases/assets/496108269"
provenance = "github-attestations"

[tools.gh."platforms.linux-x64-musl"]
checksum = "sha256:a2c9b8497e1f85b1ad0dfcb78b5a622e098801b8e461e459e88e1ee12f018112"
url = "https://github.com/cli/cli/releases/download/v2.97.0/gh_2.97.0_linux_amd64.tar.gz"
url_api = "https://api.github.com/repos/cli/cli/releases/assets/496108269"
provenance = "github-attestations"

[tools.gh."platforms.macos-arm64"]
checksum = "sha256:a58b8fd77b417a38f47a0b54d1370c59b0fcdb324ccc9ca002b0998f7c4c999e"
url = "https://github.com/cli/cli/releases/download/v2.97.0/gh_2.97.0_macOS_arm64.zip"
url_api = "https://api.github.com/repos/cli/cli/releases/assets/496108298"
provenance = "github-attestations"

[tools.gh."platforms.macos-x64"]
checksum = "sha256:63298c998cc2a924c9e254c6af6a1caad6ece281122687a91f079bc0a462700e"
url = "https://github.com/cli/cli/releases/download/v2.97.0/gh_2.97.0_macOS_amd64.zip"
url_api = "https://api.github.com/repos/cli/cli/releases/assets/496108300"
provenance = "github-attestations"

[tools.gh."platforms.windows-x64"]
checksum = "sha256:35d7fe05c4dd1411ffda1e73dfc7c6f44b75c936ca51fa6595c657fdc0350cec"
url = "https://github.com/cli/cli/releases/download/v2.97.0/gh_2.97.0_windows_amd64.zip"
url_api = "https://api.github.com/repos/cli/cli/releases/assets/496108319"
provenance = "github-attestations"

[[tools.ghq]]
version = "1.10.1"
backend = "aqua:x-motemen/ghq"

[tools.ghq."platforms.linux-arm64"]
checksum = "sha256:7ed154f62751e91c8a2d415280caeeba3d114050d01e39f3d0f4aa1be15f3954"
url = "https://github.com/x-motemen/ghq/releases/download/v1.10.1/ghq_linux_arm64.zip"
url_api = "https://api.github.com/repos/x-motemen/ghq/releases/assets/394135805"

[tools.ghq."platforms.linux-arm64-musl"]
checksum = "sha256:7ed154f62751e91c8a2d415280caeeba3d114050d01e39f3d0f4aa1be15f3954"
url = "https://github.com/x-motemen/ghq/releases/download/v1.10.1/ghq_linux_arm64.zip"
url_api = "https://api.github.com/repos/x-motemen/ghq/releases/assets/394135805"

[tools.ghq."platforms.linux-x64"]
checksum = "sha256:32e380aa8ac76fdd58758cc06174d9ee5db7270bd0cbcc18138b5d36def91b6b"
url = "https://github.com/x-motemen/ghq/releases/download/v1.10.1/ghq_linux_amd64.zip"
url_api = "https://api.github.com/repos/x-motemen/ghq/releases/assets/394135802"

[tools.ghq."platforms.linux-x64-musl"]
checksum = "sha256:32e380aa8ac76fdd58758cc06174d9ee5db7270bd0cbcc18138b5d36def91b6b"
url = "https://github.com/x-motemen/ghq/releases/download/v1.10.1/ghq_linux_amd64.zip"
url_api = "https://api.github.com/repos/x-motemen/ghq/releases/assets/394135802"

[tools.ghq."platforms.macos-arm64"]
checksum = "sha256:5e3100de0c5a248eebe6ab176ad94d6e12386af70a58c535368a4301861b1398"
url = "https://github.com/x-motemen/ghq/releases/download/v1.10.1/ghq_darwin_arm64.zip"
url_api = "https://api.github.com/repos/x-motemen/ghq/releases/assets/394135804"

[tools.ghq."platforms.macos-x64"]
checksum = "sha256:491e88380b817eee3ab5a3aa09dbe8491b9495a0ffc5223b60e7f4679a97a8eb"
url = "https://github.com/x-motemen/ghq/releases/download/v1.10.1/ghq_darwin_amd64.zip"
url_api = "https://api.github.com/repos/x-motemen/ghq/releases/assets/394135808"

[tools.ghq."platforms.windows-x64"]
checksum = "sha256:a526da44d5f67250598fa95e5654815e9f672b2c05d1d98c28bce0e60d3cfa6c"
url = "https://github.com/x-motemen/ghq/releases/download/v1.10.1/ghq_windows_amd64.zip"
url_api = "https://api.github.com/repos/x-motemen/ghq/releases/assets/394135809"

[[tools."github:halkn/docsail"]]
version = "0.4.0"
backend = "github:halkn/docsail"

[tools."github:halkn/docsail"."platforms.linux-x64"]
checksum = "sha256:e1339ab98cc3dff041dc09037a356063e6c06b5114d7d1b60aa20a2ffae83435"
url = "https://github.com/halkn/docsail/releases/download/v0.4.0/docsail-0.4.0-x86_64-unknown-linux-gnu.tar.gz"
url_api = "https://api.github.com/repos/halkn/docsail/releases/assets/497382872"

[tools."github:halkn/docsail"."platforms.linux-x64-musl"]
checksum = "sha256:e1339ab98cc3dff041dc09037a356063e6c06b5114d7d1b60aa20a2ffae83435"
url = "https://github.com/halkn/docsail/releases/download/v0.4.0/docsail-0.4.0-x86_64-unknown-linux-gnu.tar.gz"
url_api = "https://api.github.com/repos/halkn/docsail/releases/assets/497382872"

[tools."github:halkn/docsail"."platforms.macos-arm64"]
checksum = "sha256:7281f27bfc4de8d6306d3e6aae78fc42954a6c0835664cfdc90ea1b3a1104d0a"
url = "https://github.com/halkn/docsail/releases/download/v0.4.0/docsail-0.4.0-aarch64-apple-darwin.tar.gz"
url_api = "https://api.github.com/repos/halkn/docsail/releases/assets/497382870"

[[tools."github:halkn/mdiv"]]
version = "0.2.2"
backend = "github:halkn/mdiv"

[tools."github:halkn/mdiv"."platforms.linux-arm64"]
checksum = "sha256:1be9be653897fdeb007b80445cc7add3de0bccd2b92c0518d00c77fc6c3ad6de"
url = "https://github.com/halkn/mdiv/releases/download/v0.2.2/mdiv-linux-arm64.tar.gz"
url_api = "https://api.github.com/repos/halkn/mdiv/releases/assets/498693722"

[tools."github:halkn/mdiv"."platforms.linux-arm64-musl"]
checksum = "sha256:1be9be653897fdeb007b80445cc7add3de0bccd2b92c0518d00c77fc6c3ad6de"
url = "https://github.com/halkn/mdiv/releases/download/v0.2.2/mdiv-linux-arm64.tar.gz"
url_api = "https://api.github.com/repos/halkn/mdiv/releases/assets/498693722"

[tools."github:halkn/mdiv"."platforms.linux-x64"]
checksum = "sha256:1f3333a2861d1137e4b11c01049ff641b51006145c1c1ce2a55d3af7e7f7820c"
url = "https://github.com/halkn/mdiv/releases/download/v0.2.2/mdiv-linux-x64.tar.gz"
url_api = "https://api.github.com/repos/halkn/mdiv/releases/assets/498693724"

[tools."github:halkn/mdiv"."platforms.linux-x64-musl"]
checksum = "sha256:1f3333a2861d1137e4b11c01049ff641b51006145c1c1ce2a55d3af7e7f7820c"
url = "https://github.com/halkn/mdiv/releases/download/v0.2.2/mdiv-linux-x64.tar.gz"
url_api = "https://api.github.com/repos/halkn/mdiv/releases/assets/498693724"

[tools."github:halkn/mdiv"."platforms.macos-arm64"]
checksum = "sha256:a8d859a011adf218add56130938e7bed91349d4d22eefce8e23baaedb9b7cfef"
url = "https://github.com/halkn/mdiv/releases/download/v0.2.2/mdiv-darwin-arm64.tar.gz"
url_api = "https://api.github.com/repos/halkn/mdiv/releases/assets/498693725"

[tools."github:halkn/mdiv"."platforms.macos-x64"]
checksum = "sha256:dbeba8fd7dbe2e40ebf05edf76aa76afc9a265e384b5e9560bb41acaa369047d"
url = "https://github.com/halkn/mdiv/releases/download/v0.2.2/mdiv-darwin-x64.tar.gz"
url_api = "https://api.github.com/repos/halkn/mdiv/releases/assets/498693723"

[tools."github:halkn/mdiv"."platforms.windows-x64"]
checksum = "sha256:1cca133bb8daf6b90969bbb90149f9af267a8422c0276f72b7804e1b4b3a1918"
url = "https://github.com/halkn/mdiv/releases/download/v0.2.2/mdiv-windows-x64.zip"
url_api = "https://api.github.com/repos/halkn/mdiv/releases/assets/498693726"

[[tools."github:halkn/mdvu"]]
version = "0.6.0"
backend = "github:halkn/mdvu"

[tools."github:halkn/mdvu"."platforms.linux-arm64"]
checksum = "sha256:e5cdc956f1825969b3dffa732e910100f5a98b7a776c33ff1d160f9779bab472"
url = "https://github.com/halkn/mdvu/releases/download/v0.6.0/mdvu-0.6.0-aarch64-unknown-linux-gnu.tar.gz"
url_api = "https://api.github.com/repos/halkn/mdvu/releases/assets/507433435"

[tools."github:halkn/mdvu"."platforms.linux-arm64-musl"]
checksum = "sha256:e5cdc956f1825969b3dffa732e910100f5a98b7a776c33ff1d160f9779bab472"
url = "https://github.com/halkn/mdvu/releases/download/v0.6.0/mdvu-0.6.0-aarch64-unknown-linux-gnu.tar.gz"
url_api = "https://api.github.com/repos/halkn/mdvu/releases/assets/507433435"

[tools."github:halkn/mdvu"."platforms.linux-x64"]
checksum = "sha256:f5866ceab47380ec45eb9c7fe191680776f6c2c7e8e6499d7b832e8f3df3c69c"
url = "https://github.com/halkn/mdvu/releases/download/v0.6.0/mdvu-0.6.0-x86_64-unknown-linux-gnu.tar.gz"
url_api = "https://api.github.com/repos/halkn/mdvu/releases/assets/507433430"

[tools."github:halkn/mdvu"."platforms.linux-x64-musl"]
checksum = "sha256:f5866ceab47380ec45eb9c7fe191680776f6c2c7e8e6499d7b832e8f3df3c69c"
url = "https://github.com/halkn/mdvu/releases/download/v0.6.0/mdvu-0.6.0-x86_64-unknown-linux-gnu.tar.gz"
url_api = "https://api.github.com/repos/halkn/mdvu/releases/assets/507433430"

[tools."github:halkn/mdvu"."platforms.macos-arm64"]
checksum = "sha256:2654902b6d8c71fa756c4c20debd62be36a9b75cff7ae4e10a2200555289441f"
url = "https://github.com/halkn/mdvu/releases/download/v0.6.0/mdvu-0.6.0-aarch64-apple-darwin.tar.gz"
url_api = "https://api.github.com/repos/halkn/mdvu/releases/assets/507433432"

[tools."github:halkn/mdvu"."platforms.macos-x64"]
checksum = "sha256:64c6dae634306f41a38c18c5118bc21c2d08251bfa146fdcef99c02d40dc7cbd"
url = "https://github.com/halkn/mdvu/releases/download/v0.6.0/mdvu-0.6.0-x86_64-apple-darwin.tar.gz"
url_api = "https://api.github.com/repos/halkn/mdvu/releases/assets/507433433"

[[tools.herdr]]
version = "0.8.0"
backend = "aqua:ogulcancelik/herdr"

[tools.herdr."platforms.linux-arm64"]
checksum = "sha256:f647ac66468d9efbc642fe534fb284468f0aea60641606fc008dfc0d82a3ca87"
url = "https://github.com/herdrdev/herdr/releases/download/v0.8.0/herdr-linux-aarch64"
url_api = "https://api.github.com/repos/herdrdev/herdr/releases/assets/500422627"

[tools.herdr."platforms.linux-arm64-musl"]
checksum = "sha256:f647ac66468d9efbc642fe534fb284468f0aea60641606fc008dfc0d82a3ca87"
url = "https://github.com/herdrdev/herdr/releases/download/v0.8.0/herdr-linux-aarch64"
url_api = "https://api.github.com/repos/herdrdev/herdr/releases/assets/500422627"

[tools.herdr."platforms.linux-x64"]
checksum = "sha256:b872ea7e40fa2cb17e857ac9b62b1bf26db7b403c622f5d2f3f5b35f6e9acd28"
url = "https://github.com/herdrdev/herdr/releases/download/v0.8.0/herdr-linux-x86_64"
url_api = "https://api.github.com/repos/herdrdev/herdr/releases/assets/500422625"

[tools.herdr."platforms.linux-x64-musl"]
checksum = "sha256:b872ea7e40fa2cb17e857ac9b62b1bf26db7b403c622f5d2f3f5b35f6e9acd28"
url = "https://github.com/herdrdev/herdr/releases/download/v0.8.0/herdr-linux-x86_64"
url_api = "https://api.github.com/repos/herdrdev/herdr/releases/assets/500422625"

[tools.herdr."platforms.macos-arm64"]
checksum = "sha256:d53a9f93fccfdfcc55632927bf51002f5add0aa7990bcdf508ffbd84ac658178"
url = "https://github.com/herdrdev/herdr/releases/download/v0.8.0/herdr-macos-aarch64"
url_api = "https://api.github.com/repos/herdrdev/herdr/releases/assets/500422629"

[tools.herdr."platforms.macos-x64"]
checksum = "sha256:77cb5afd6c8fcaaaf3bc28e474ec01c209331ad08094e20d7f8aa9b0bb78d649"
url = "https://github.com/herdrdev/herdr/releases/download/v0.8.0/herdr-macos-x86_64"
url_api = "https://api.github.com/repos/herdrdev/herdr/releases/assets/500422626"

[[tools.hyperfine]]
version = "1.20.0"
backend = "aqua:sharkdp/hyperfine"

[tools.hyperfine."platforms.linux-arm64"]
checksum = "sha256:90875cb1db7a1d797c311174d061728361e58fc70e3b62262a00635ac3b1997c"
url = "https://github.com/sharkdp/hyperfine/releases/download/v1.20.0/hyperfine-v1.20.0-aarch64-unknown-linux-gnu.tar.gz"
url_api = "https://api.github.com/repos/sharkdp/hyperfine/releases/assets/317832112"

[tools.hyperfine."platforms.linux-x64"]
checksum = "sha256:3285ec7959285288137043dd81dce0dde056227018a8277532d9a364b4f03c2b"
url = "https://github.com/sharkdp/hyperfine/releases/download/v1.20.0/hyperfine-v1.20.0-x86_64-unknown-linux-musl.tar.gz"
url_api = "https://api.github.com/repos/sharkdp/hyperfine/releases/assets/317832008"

[tools.hyperfine."platforms.linux-x64-musl"]
checksum = "sha256:3285ec7959285288137043dd81dce0dde056227018a8277532d9a364b4f03c2b"
url = "https://github.com/sharkdp/hyperfine/releases/download/v1.20.0/hyperfine-v1.20.0-x86_64-unknown-linux-musl.tar.gz"
url_api = "https://api.github.com/repos/sharkdp/hyperfine/releases/assets/317832008"

[tools.hyperfine."platforms.macos-arm64"]
checksum = "sha256:f58d0b90993fadfa122a351428c469ce24afef3865f027f0e6e86f0830d088f1"
url = "https://github.com/sharkdp/hyperfine/releases/download/v1.20.0/hyperfine-v1.20.0-x86_64-apple-darwin.tar.gz"
url_api = "https://api.github.com/repos/sharkdp/hyperfine/releases/assets/317832526"

[tools.hyperfine."platforms.macos-x64"]
checksum = "sha256:f58d0b90993fadfa122a351428c469ce24afef3865f027f0e6e86f0830d088f1"
url = "https://github.com/sharkdp/hyperfine/releases/download/v1.20.0/hyperfine-v1.20.0-x86_64-apple-darwin.tar.gz"
url_api = "https://api.github.com/repos/sharkdp/hyperfine/releases/assets/317832526"

[tools.hyperfine."platforms.windows-x64"]
checksum = "sha256:2508c549b049b1d4342d08edc1cb42bfac169082b6e3069431b5bab9822dbb32"
url = "https://github.com/sharkdp/hyperfine/releases/download/v1.20.0/hyperfine-v1.20.0-x86_64-pc-windows-msvc.zip"
url_api = "https://api.github.com/repos/sharkdp/hyperfine/releases/assets/317832313"

[[tools.jaq]]
version = "3.1.1"
backend = "aqua:01mf02/jaq"

[tools.jaq."platforms.linux-arm64"]
checksum = "sha256:bdda42d5a8c060a2c7916b287a227e7750d5fccbd4c37aacf0ab863010921829"
url = "https://github.com/01mf02/jaq/releases/download/v3.1.1/jaq-aarch64-unknown-linux-gnu"
url_api = "https://api.github.com/repos/01mf02/jaq/releases/assets/502327954"

[tools.jaq."platforms.linux-x64"]
checksum = "sha256:b9a07a6f10f0305d96d333ea7db69d60704eb4d4e71c98094157e3cc9fe08110"
url = "https://github.com/01mf02/jaq/releases/download/v3.1.1/jaq-x86_64-unknown-linux-musl"
url_api = "https://api.github.com/repos/01mf02/jaq/releases/assets/502327739"

[tools.jaq."platforms.linux-x64-musl"]
checksum = "sha256:b9a07a6f10f0305d96d333ea7db69d60704eb4d4e71c98094157e3cc9fe08110"
url = "https://github.com/01mf02/jaq/releases/download/v3.1.1/jaq-x86_64-unknown-linux-musl"
url_api = "https://api.github.com/repos/01mf02/jaq/releases/assets/502327739"

[tools.jaq."platforms.macos-arm64"]
checksum = "sha256:b1a2e63384e156d90bbf61a1142302aa59bfebd8c89e24dfc9b5747618880fcd"
url = "https://github.com/01mf02/jaq/releases/download/v3.1.1/jaq-aarch64-apple-darwin"
url_api = "https://api.github.com/repos/01mf02/jaq/releases/assets/502328070"

[tools.jaq."platforms.macos-x64"]
checksum = "sha256:34b1a9495dbd28df09ad83c832a2ae4be60657d8c24e72f28565cd19b98ed0af"
url = "https://github.com/01mf02/jaq/releases/download/v3.1.1/jaq-x86_64-apple-darwin"
url_api = "https://api.github.com/repos/01mf02/jaq/releases/assets/502327833"

[tools.jaq."platforms.windows-x64"]
checksum = "sha256:7b2f5153d11118c3ccff01859743e09842cabc42ba08f8876489c1be30d1d08d"
url = "https://github.com/01mf02/jaq/releases/download/v3.1.1/jaq-x86_64-pc-windows-msvc.exe"
url_api = "https://api.github.com/repos/01mf02/jaq/releases/assets/502328777"

[[tools.neovim]]
version = "stable"
backend = "vfox:mise-plugins/vfox-neovim"

[tools.neovim."platforms.linux-arm64"]
url = "https://github.com/neovim/neovim/releases/download/stable/nvim-linux-arm64.tar.gz"

[tools.neovim."platforms.linux-arm64-musl"]
url = "https://github.com/neovim/neovim/releases/download/stable/nvim-linux-arm64.tar.gz"

[tools.neovim."platforms.linux-x64"]
url = "https://github.com/neovim/neovim/releases/download/stable/nvim-linux-x86_64.tar.gz"

[tools.neovim."platforms.linux-x64-musl"]
url = "https://github.com/neovim/neovim/releases/download/stable/nvim-linux-x86_64.tar.gz"

[tools.neovim."platforms.macos-arm64"]
url = "https://github.com/neovim/neovim/releases/download/stable/nvim-macos-arm64.tar.gz"

[tools.neovim."platforms.macos-x64"]
url = "https://github.com/neovim/neovim/releases/download/stable/nvim-macos-x86_64.tar.gz"

[tools.neovim."platforms.windows-x64"]
url = "https://github.com/neovim/neovim/releases/download/stable/nvim-win64.zip"

[[tools.node]]
version = "26.7.0"
backend = "core:node"

[tools.node."platforms.linux-arm64"]
checksum = "sha256:925aa6157dd37542d0d7f2e28b7bf61e7b39284411210b0498bc3788db4aef68"
url = "https://nodejs.org/dist/v26.7.0/node-v26.7.0-linux-arm64.tar.gz"

[tools.node."platforms.linux-arm64-musl"]
checksum = "sha256:1f16cc0f6febcb1bed1d4550306806dbcfbaf5c1bc2f44f3c5c8b5d22a4cc27a"
url = "https://unofficial-builds.nodejs.org/download/release/v26.7.0/node-v26.7.0-linux-arm64-musl.tar.gz"

[tools.node."platforms.linux-x64"]
checksum = "sha256:bd6b6c31e377bad9ad579bed72e5bc11f4c879ac9452ad51d30e646ea3d828df"
url = "https://nodejs.org/dist/v26.7.0/node-v26.7.0-linux-x64.tar.gz"

[tools.node."platforms.linux-x64-musl"]
checksum = "sha256:5dc0180e7684ede6fc9d9e6333da45686f4b5a7820729d33c68335b283337295"
url = "https://unofficial-builds.nodejs.org/download/release/v26.7.0/node-v26.7.0-linux-x64-musl.tar.gz"

[tools.node."platforms.macos-arm64"]
checksum = "sha256:7ee659a7768e641bbfd5360940660b8e8fd0052f77488f365562bac522fc15d4"
url = "https://nodejs.org/dist/v26.7.0/node-v26.7.0-darwin-arm64.tar.gz"

[tools.node."platforms.macos-x64"]
checksum = "sha256:f279d1ed28ce57f7788bf23435d2ad7fdd7438904ad5c4d8a1081a7cde3d4b96"
url = "https://nodejs.org/dist/v26.7.0/node-v26.7.0-darwin-x64.tar.gz"

[tools.node."platforms.windows-x64"]
checksum = "sha256:d3bd72755141ed32bbcd841228ee81897c8a98d50dfa7dae2179399a0a7c90f8"
url = "https://nodejs.org/dist/v26.7.0/node-v26.7.0-win-x64.zip"

[[tools."pipx:ryl"]]
version = "0.21.0"
backend = "pipx:ryl"

[[tools.ripgrep]]
version = "15.2.0"
backend = "aqua:BurntSushi/ripgrep"

[tools.ripgrep."platforms.linux-arm64"]
checksum = "sha256:a740b91c82eaf9914cfedd353572f2791cbe0162c84101ee0951058f4dcbc90d"
url = "https://github.com/BurntSushi/ripgrep/releases/download/15.2.0/ripgrep-15.2.0-aarch64-unknown-linux-gnu.tar.gz"
url_api = "https://api.github.com/repos/BurntSushi/ripgrep/releases/assets/478119579"

[tools.ripgrep."platforms.linux-arm64-musl"]
checksum = "sha256:800b1e7206afe799dfb5a6901f23147cfaabe0e52210538100f61e86e1740915"
url = "https://github.com/BurntSushi/ripgrep/releases/download/15.2.0/ripgrep-15.2.0-aarch64-unknown-linux-musl.tar.gz"
url_api = "https://api.github.com/repos/BurntSushi/ripgrep/releases/assets/478120060"

[tools.ripgrep."platforms.linux-x64"]
checksum = "sha256:33e15bcf1624b25cdd2a55813a47a2f95dbe126268203e76aa6a585d1e7b149c"
url = "https://github.com/BurntSushi/ripgrep/releases/download/15.2.0/ripgrep-15.2.0-x86_64-unknown-linux-musl.tar.gz"
url_api = "https://api.github.com/repos/BurntSushi/ripgrep/releases/assets/478120097"

[tools.ripgrep."platforms.linux-x64-musl"]
checksum = "sha256:33e15bcf1624b25cdd2a55813a47a2f95dbe126268203e76aa6a585d1e7b149c"
url = "https://github.com/BurntSushi/ripgrep/releases/download/15.2.0/ripgrep-15.2.0-x86_64-unknown-linux-musl.tar.gz"
url_api = "https://api.github.com/repos/BurntSushi/ripgrep/releases/assets/478120097"

[tools.ripgrep."platforms.macos-arm64"]
checksum = "sha256:3750b2e93f37e0c692657da574d7019a101c0084da05a790c83fd335bad973e4"
url = "https://github.com/BurntSushi/ripgrep/releases/download/15.2.0/ripgrep-15.2.0-aarch64-apple-darwin.tar.gz"
url_api = "https://api.github.com/repos/BurntSushi/ripgrep/releases/assets/478118851"

[tools.ripgrep."platforms.macos-x64"]
checksum = "sha256:af7825fcc69a2afc7a7aea55fc9af90e26421d8f20fe59df32e233c0b8a231c1"
url = "https://github.com/BurntSushi/ripgrep/releases/download/15.2.0/ripgrep-15.2.0-x86_64-apple-darwin.tar.gz"
url_api = "https://api.github.com/repos/BurntSushi/ripgrep/releases/assets/478119585"

[tools.ripgrep."platforms.windows-x64"]
checksum = "sha256:71b2fef860abe467217a538ff31de02f5258807c0129f771846f87bd029aafc5"
url = "https://github.com/BurntSushi/ripgrep/releases/download/15.2.0/ripgrep-15.2.0-x86_64-pc-windows-msvc.zip"
url_api = "https://api.github.com/repos/BurntSushi/ripgrep/releases/assets/478119643"

[[tools.rumdl]]
version = "0.2.52"
backend = "aqua:rvben/rumdl"

[tools.rumdl."platforms.linux-arm64"]
checksum = "sha256:4bd607c1ddda3319bc4c4a5c4937dc0b4004e8342d3fedabc4b2fff8d7b81ad8"
url = "https://github.com/rvben/rumdl/releases/download/v0.2.52/rumdl-v0.2.52-aarch64-unknown-linux-musl.tar.gz"
url_api = "https://api.github.com/repos/rvben/rumdl/releases/assets/503021476"
provenance = "github-attestations"

[tools.rumdl."platforms.linux-arm64-musl"]
checksum = "sha256:4bd607c1ddda3319bc4c4a5c4937dc0b4004e8342d3fedabc4b2fff8d7b81ad8"
url = "https://github.com/rvben/rumdl/releases/download/v0.2.52/rumdl-v0.2.52-aarch64-unknown-linux-musl.tar.gz"
url_api = "https://api.github.com/repos/rvben/rumdl/releases/assets/503021476"
provenance = "github-attestations"

[tools.rumdl."platforms.linux-x64"]
checksum = "sha256:47dd0a01e901cc479e30f72dd8ce18da4499f5b202032f73f43f9fbafafa4986"
url = "https://github.com/rvben/rumdl/releases/download/v0.2.52/rumdl-v0.2.52-x86_64-unknown-linux-musl.tar.gz"
url_api = "https://api.github.com/repos/rvben/rumdl/releases/assets/503021484"
provenance = "github-attestations"

[tools.rumdl."platforms.linux-x64-musl"]
checksum = "sha256:47dd0a01e901cc479e30f72dd8ce18da4499f5b202032f73f43f9fbafafa4986"
url = "https://github.com/rvben/rumdl/releases/download/v0.2.52/rumdl-v0.2.52-x86_64-unknown-linux-musl.tar.gz"
url_api = "https://api.github.com/repos/rvben/rumdl/releases/assets/503021484"
provenance = "github-attestations"

[tools.rumdl."platforms.macos-arm64"]
checksum = "sha256:a6baf795f04fc4c6bf7dbb5362b8413df6295a94b32cd3e0c15d1c0b6b68b8ec"
url = "https://github.com/rvben/rumdl/releases/download/v0.2.52/rumdl-v0.2.52-aarch64-apple-darwin.tar.gz"
url_api = "https://api.github.com/repos/rvben/rumdl/releases/assets/503021481"
provenance = "github-attestations"

[tools.rumdl."platforms.macos-x64"]
checksum = "sha256:d2f9681f86d2e6776524c5ead52d4c3e0be3ce4cde47ce005a81815a2f9f95d3"
url = "https://github.com/rvben/rumdl/releases/download/v0.2.52/rumdl-v0.2.52-x86_64-apple-darwin.tar.gz"
url_api = "https://api.github.com/repos/rvben/rumdl/releases/assets/503021480"
provenance = "github-attestations"

[tools.rumdl."platforms.windows-x64"]
checksum = "sha256:38ba01206380e450129303b9a7b626f41049f9152f7eb0103245854c8c49c80e"
url = "https://github.com/rvben/rumdl/releases/download/v0.2.52/rumdl-v0.2.52-x86_64-pc-windows-msvc.zip"
url_api = "https://api.github.com/repos/rvben/rumdl/releases/assets/503021485"
provenance = "github-attestations"

[[tools.starship]]
version = "1.26.0"
backend = "aqua:starship/starship"

[tools.starship."platforms.linux-arm64"]
checksum = "sha256:dc30189378d2f2e287384e8a692d3f95ad1df64cf0e8c36aa9201516028aed6b"
url = "https://github.com/starship/starship/releases/download/v1.26.0/starship-aarch64-unknown-linux-musl.tar.gz"
url_api = "https://api.github.com/repos/starship/starship/releases/assets/460374586"

[tools.starship."platforms.linux-arm64-musl"]
checksum = "sha256:dc30189378d2f2e287384e8a692d3f95ad1df64cf0e8c36aa9201516028aed6b"
url = "https://github.com/starship/starship/releases/download/v1.26.0/starship-aarch64-unknown-linux-musl.tar.gz"
url_api = "https://api.github.com/repos/starship/starship/releases/assets/460374586"

[tools.starship."platforms.linux-x64"]
checksum = "sha256:b7c232b0e8249d8e55a40beb79c5c43a7d370f3f9408bd215deb0170daeaadf3"
url = "https://github.com/starship/starship/releases/download/v1.26.0/starship-x86_64-unknown-linux-musl.tar.gz"
url_api = "https://api.github.com/repos/starship/starship/releases/assets/460374630"

[tools.starship."platforms.linux-x64-musl"]
checksum = "sha256:b7c232b0e8249d8e55a40beb79c5c43a7d370f3f9408bd215deb0170daeaadf3"
url = "https://github.com/starship/starship/releases/download/v1.26.0/starship-x86_64-unknown-linux-musl.tar.gz"
url_api = "https://api.github.com/repos/starship/starship/releases/assets/460374630"

[tools.starship."platforms.macos-arm64"]
checksum = "sha256:c40b27b11f580411e068f2fa6c1be7830a387c0bc47a94d1d37f32b054c5361d"
url = "https://github.com/starship/starship/releases/download/v1.26.0/starship-aarch64-apple-darwin.tar.gz"
url_api = "https://api.github.com/repos/starship/starship/releases/assets/460374577"

[tools.starship."platforms.macos-x64"]
checksum = "sha256:5548f406a4b6f5695903bdea83f77ce47ec12c8c0e62dabd33122d8f133e4207"
url = "https://github.com/starship/starship/releases/download/v1.26.0/starship-x86_64-apple-darwin.tar.gz"
url_api = "https://api.github.com/repos/starship/starship/releases/assets/460374608"

[tools.starship."platforms.windows-x64"]
checksum = "sha256:690021e22f2bf2c57d5867dc0fababe5e55e714c26942bd909ffddb6c5df42f2"
url = "https://github.com/starship/starship/releases/download/v1.26.0/starship-x86_64-pc-windows-msvc.zip"
url_api = "https://api.github.com/repos/starship/starship/releases/assets/460374615"

[[tools.tree-sitter]]
version = "0.26.11"
backend = "aqua:tree-sitter/tree-sitter"

[tools.tree-sitter."platforms.linux-arm64"]
checksum = "sha256:e47dd59bf2f21ad7c15771546a724464ee3c008a60fbb61c6860bd19a44b3060"
url = "https://github.com/tree-sitter/tree-sitter/releases/download/v0.26.11/tree-sitter-linux-arm64.gz"
url_api = "https://api.github.com/repos/tree-sitter/tree-sitter/releases/assets/474306993"
provenance = "github-attestations"

[tools.tree-sitter."platforms.linux-arm64-musl"]
checksum = "sha256:e47dd59bf2f21ad7c15771546a724464ee3c008a60fbb61c6860bd19a44b3060"
url = "https://github.com/tree-sitter/tree-sitter/releases/download/v0.26.11/tree-sitter-linux-arm64.gz"
url_api = "https://api.github.com/repos/tree-sitter/tree-sitter/releases/assets/474306993"
provenance = "github-attestations"

[tools.tree-sitter."platforms.linux-x64"]
checksum = "sha256:8dac3c89bb632eece700ea7a261ad963b251f2228c4aef3b58458ebea8dbe4eb"
url = "https://github.com/tree-sitter/tree-sitter/releases/download/v0.26.11/tree-sitter-linux-x64.gz"
url_api = "https://api.github.com/repos/tree-sitter/tree-sitter/releases/assets/474306995"
provenance = "github-attestations"

[tools.tree-sitter."platforms.linux-x64-musl"]
checksum = "sha256:8dac3c89bb632eece700ea7a261ad963b251f2228c4aef3b58458ebea8dbe4eb"
url = "https://github.com/tree-sitter/tree-sitter/releases/download/v0.26.11/tree-sitter-linux-x64.gz"
url_api = "https://api.github.com/repos/tree-sitter/tree-sitter/releases/assets/474306995"
provenance = "github-attestations"

[tools.tree-sitter."platforms.macos-arm64"]
checksum = "sha256:0bb646b2a29007233bd44855f00d0b8e238084d5b442f097d841b476318c2c90"
url = "https://github.com/tree-sitter/tree-sitter/releases/download/v0.26.11/tree-sitter-macos-arm64.gz"
url_api = "https://api.github.com/repos/tree-sitter/tree-sitter/releases/assets/474307011"
provenance = "github-attestations"

[tools.tree-sitter."platforms.macos-x64"]
checksum = "sha256:0da547d2622ba1583e4c748bb44db5b79af56462da41acf377b9fdc2eb2cd49f"
url = "https://github.com/tree-sitter/tree-sitter/releases/download/v0.26.11/tree-sitter-macos-x64.gz"
url_api = "https://api.github.com/repos/tree-sitter/tree-sitter/releases/assets/474307010"
provenance = "github-attestations"

[tools.tree-sitter."platforms.windows-x64"]
checksum = "sha256:9d836a8c405ed50cea6b3410905576de3bff2b42ca12edc1e825ec86fe918a5f"
url = "https://github.com/tree-sitter/tree-sitter/releases/download/v0.26.11/tree-sitter-windows-x64.gz"
url_api = "https://api.github.com/repos/tree-sitter/tree-sitter/releases/assets/474307013"
provenance = "github-attestations"

[[tools.uv]]
version = "0.12.3"
backend = "aqua:astral-sh/uv"

[tools.uv."platforms.linux-arm64"]
checksum = "sha256:fa513fca1eb2913334c944fe9adbdd410274a1cbe8dd05d03699a9eb85311d4e"
url = "https://github.com/astral-sh/uv/releases/download/0.12.3/uv-aarch64-unknown-linux-musl.tar.gz"
url_api = "https://api.github.com/repos/astral-sh/uv/releases/assets/505387718"
provenance = "github-attestations"

[tools.uv."platforms.linux-arm64-musl"]
checksum = "sha256:fa513fca1eb2913334c944fe9adbdd410274a1cbe8dd05d03699a9eb85311d4e"
url = "https://github.com/astral-sh/uv/releases/download/0.12.3/uv-aarch64-unknown-linux-musl.tar.gz"
url_api = "https://api.github.com/repos/astral-sh/uv/releases/assets/505387718"
provenance = "github-attestations"

[tools.uv."platforms.linux-x64"]
checksum = "sha256:0643b9fb8c9fb27458e709ce6ff939695013c41975ff7b02d3f3b138d8d4bdb3"
url = "https://github.com/astral-sh/uv/releases/download/0.12.3/uv-x86_64-unknown-linux-musl.tar.gz"
url_api = "https://api.github.com/repos/astral-sh/uv/releases/assets/505387821"
provenance = "github-attestations"

[tools.uv."platforms.linux-x64-musl"]
checksum = "sha256:0643b9fb8c9fb27458e709ce6ff939695013c41975ff7b02d3f3b138d8d4bdb3"
url = "https://github.com/astral-sh/uv/releases/download/0.12.3/uv-x86_64-unknown-linux-musl.tar.gz"
url_api = "https://api.github.com/repos/astral-sh/uv/releases/assets/505387821"
provenance = "github-attestations"

[tools.uv."platforms.macos-arm64"]
checksum = "sha256:546f7f8a6c70ff13a3a9d2bc958db3427298cebf3e0cb756f9177133b7068843"
url = "https://github.com/astral-sh/uv/releases/download/0.12.3/uv-aarch64-apple-darwin.tar.gz"
url_api = "https://api.github.com/repos/astral-sh/uv/releases/assets/505387707"
provenance = "github-attestations"

[tools.uv."platforms.macos-x64"]
checksum = "sha256:4c9f52262a14da336e4a42ed24992d12d0c956acde87619e4611d321dffa602b"
url = "https://github.com/astral-sh/uv/releases/download/0.12.3/uv-x86_64-apple-darwin.tar.gz"
url_api = "https://api.github.com/repos/astral-sh/uv/releases/assets/505387807"
provenance = "github-attestations"

[tools.uv."platforms.windows-x64"]
checksum = "sha256:b23350c79e8ad0192b8124af13a0f17e8d4e4549524785e1aef389ae5a06990e"
url = "https://github.com/astral-sh/uv/releases/download/0.12.3/uv-x86_64-pc-windows-msvc.zip"
url_api = "https://api.github.com/repos/astral-sh/uv/releases/assets/505387809"
provenance = "github-attestations"
